
Microsoft Visual Studio Solution File, Format Version 12.00
# Visual Studio Version 16
VisualStudioVersion = 16.0.29306.81
MinimumVisualStudioVersion = 10.0.40219.1
Project("{8BC9CEB8-8B4A-11D0-8D11-00A0C91BC942}") = "BattleServer", "BattleServer\BattleServer.vcxproj", "{B871113D-DB53-48CA-9F14-736E79D4225D}"
EndProject
Global
	GlobalSection(SolutionConfigurationPlatforms) = preSolution
		Debug|x64 = Debug|x64
		Debug|x86 = Debug|x86
		Release|x64 = Release|x64
		Release|x86 = Release|x86
	EndGlobalSection
	GlobalSection(ProjectConfigurationPlatforms) = postSolution
		{B871113D-DB53-48CA-9F14-736E79D4225D}.Debug|x64.ActiveCfg = Debug|x64
		{B871113D-DB53-48CA-9F14-736E79D4225D}.Debug|x64.Build.0 = Debug|x64
		{B871113D-DB53-48CA-9F14-736E79D4225D}.Debug|x86.ActiveCfg = Debug|Win32
		{B871113D-DB53-48CA-9F14-736E79D4225D}.Debug|x86.Build.0 = Debug|Win32
		{B871113D-DB53-48CA-9F14-736E79D4225D}.Release|x64.ActiveCfg = Release|x64
		{B871113D-DB53-48CA-9F14-736E79D4225D}.Release|x64.Build.0 = Release|x64
		{B871113D-DB53-48CA-9F14-736E79D4225D}.Release|x86.ActiveCfg = Release|Win32
		{B871113D-DB53-48CA-9F14-736E79D4225D}.Release|x86.Build.0 = Release|Win32
	EndGlobalSection
	GlobalSection(SolutionProperties) = preSolution
		HideSolutionNode = FALSE
	EndGlobalSection
	GlobalSection(ExtensibilityGlobals) = postSolution
		SolutionGuid = {CBC69617-A8D0-4890-A316-DFDB9D789B0B}
	EndGlobalSection
EndGlobal
